
Microsoft Visual Studio Solution File, Format Version 12.00
# Visual Studio Version 17
VisualStudioVersion = 17.8.34330.188
MinimumVisualStudioVersion = 10.0.40219.1
Project("{FAE04EC0-301F-11D3-BF4B-00C04F79EFBC}") = "SadafBI", "SadafBI\SadafBI.csproj", "{07AD70E2-5D4F-4BC2-8E5E-4BAF9AF6E353}"
EndProject
Global
	GlobalSection(SolutionConfigurationPlatforms) = preSolution
		Debug|Any CPU = Debug|Any CPU
		Release|Any CPU = Release|Any CPU
	EndGlobalSection
	GlobalSection(ProjectConfigurationPlatforms) = postSolution
		{07AD70E2-5D4F-4BC2-8E5E-4BAF9AF6E353}.Debug|Any CPU.ActiveCfg = Debug|Any CPU
		{07AD70E2-5D4F-4BC2-8E5E-4BAF9AF6E353}.Debug|Any CPU.Build.0 = Debug|Any CPU
		{07AD70E2-5D4F-4BC2-8E5E-4BAF9AF6E353}.Release|Any CPU.ActiveCfg = Release|Any CPU
		{07AD70E2-5D4F-4BC2-8E5E-4BAF9AF6E353}.Release|Any CPU.Build.0 = Release|Any CPU
	EndGlobalSection
	GlobalSection(SolutionProperties) = preSolution
		HideSolutionNode = FALSE
	EndGlobalSection
	GlobalSection(ExtensibilityGlobals) = postSolution
		SolutionGuid = {A1F66ADE-CFCB-484E-AF1D-DA051A84F20A}
	EndGlobalSection
EndGlobal
